
Microsoft Visual Studio Solution File, Format Version 12.00
# Visual Studio 15
VisualStudioVersion = 15.0.28010.2046
MinimumVisualStudioVersion = 10.0.40219.1
Project("{FAE04EC0-301F-11D3-BF4B-00C04F79EFBC}") = "SawmillCalculator.Android", "SawmillCalculator\SawmillCalculator.Android\SawmillCalculator.Android.csproj", "{7521D9BD-2993-474C-8744-12F42459CBFB}"
EndProject
Project("{FAE04EC0-301F-11D3-BF4B-00C04F79EFBC}") = "SawmillCalculator.iOS", "SawmillCalculator\SawmillCalculator.iOS\SawmillCalculator.iOS.csproj", "{6A39E788-38FE-496D-9BC7-5339CE13FFAA}"
EndProject
Project("{FAE04EC0-301F-11D3-BF4B-00C04F79EFBC}") = "SawmillCalculator", "SawmillCalculator\SawmillCalculator\SawmillCalculator.csproj", "{8CA516C2-0DC9-4CDE-BFA8-3EF8932FFFA9}"
EndProject
Global
	GlobalSection(SolutionConfigurationPlatforms) = preSolution
		Ad-Hoc|Any CPU = Ad-Hoc|Any CPU
		Ad-Hoc|iPhone = Ad-Hoc|iPhone
		Ad-Hoc|iPhoneSimulator = Ad-Hoc|iPhoneSimulator
		AppStore|Any CPU = AppStore|Any CPU
		AppStore|iPhone = AppStore|iPhone
		AppStore|iPhoneSimulator = AppStore|iPhoneSimulator
		Debug|Any CPU = Debug|Any CPU
		Debug|iPhone = Debug|iPhone
		Debug|iPhoneSimulator = Debug|iPhoneSimulator
		Release|Any CPU = Release|Any CPU
		Release|iPhone = Release|iPhone
		Release|iPhoneSimulator = Release|iPhoneSimulator
	EndGlobalSection
	GlobalSection(ProjectConfigurationPlatforms) = postSolution
		{7521D9BD-2993-474C-8744-12F42459CBFB}.Ad-Hoc|Any CPU.ActiveCfg = Release|Any CPU
		{7521D9BD-2993-474C-8744-12F42459CBFB}.Ad-Hoc|Any CPU.Build.0 = Release|Any CPU
		{7521D9BD-2993-474C-8744-12F42459CBFB}.Ad-Hoc|Any CPU.Deploy.0 = Release|Any CPU
		{7521D9BD-2993-474C-8744-12F42459CBFB}.Ad-Hoc|iPhone.ActiveCfg = Release|Any CPU
		{7521D9BD-2993-474C-8744-12F42459CBFB}.Ad-Hoc|iPhone.Build.0 = Release|Any CPU
		{7521D9BD-2993-474C-8744-12F42459CBFB}.Ad-Hoc|iPhone.Deploy.0 = Release|Any CPU
		{7521D9BD-2993-474C-8744-12F42459CBFB}.Ad-Hoc|iPhoneSimulator.ActiveCfg = Release|Any CPU
		{7521D9BD-2993-474C-8744-12F42459CBFB}.Ad-Hoc|iPhoneSimulator.Build.0 = Release|Any CPU
		{7521D9BD-2993-474C-8744-12F42459CBFB}.Ad-Hoc|iPhoneSimulator.Deploy.0 = Release|Any CPU
		{7521D9BD-2993-474C-8744-12F42459CBFB}.AppStore|Any CPU.ActiveCfg = Release|Any CPU
		{7521D9BD-2993-474C-8744-12F42459CBFB}.AppStore|Any CPU.Build.0 = Release|Any CPU
		{7521D9BD-2993-474C-8744-12F42459CBFB}.AppStore|Any CPU.Deploy.0 = Release|Any CPU
		{7521D9BD-2993-474C-8744-12F42459CBFB}.AppStore|iPhone.ActiveCfg = Release|Any CPU
		{7521D9BD-2993-474C-8744-12F42459CBFB}.AppStore|iPhone.Build.0 = Release|Any CPU
		{7521D9BD-2993-474C-8744-12F42459CBFB}.AppStore|iPhone.Deploy.0 = Release|Any CPU
		{7521D9BD-2993-474C-8744-12F42459CBFB}.AppStore|iPhoneSimulator.ActiveCfg = Release|Any CPU
		{7521D9BD-2993-474C-8744-12F42459CBFB}.AppStore|iPhoneSimulator.Build.0 = Release|Any CPU
		{7521D9BD-2993-474C-8744-12F42459CBFB}.AppStore|iPhoneSimulator.Deploy.0 = Release|Any CPU
		{7521D9BD-2993-474C-8744-12F42459CBFB}.Debug|Any CPU.ActiveCfg = Debug|Any CPU
		{7521D9BD-2993-474C-8744-12F42459CBFB}.Debug|Any CPU.Build.0 = Debug|Any CPU
		{7521D9BD-2993-474C-8744-12F42459CBFB}.Debug|Any CPU.Deploy.0 = Debug|Any CPU
		{7521D9BD-2993-474C-8744-12F42459CBFB}.Debug|iPhone.ActiveCfg = Debug|Any CPU
		{7521D9BD-2993-474C-8744-12F42459CBFB}.Debug|iPhone.Build.0 = Debug|Any CPU
		{7521D9BD-2993-474C-8744-12F42459CBFB}.Debug|iPhone.Deploy.0 = Debug|Any CPU
		{7521D9BD-2993-474C-8744-12F42459CBFB}.Debug|iPhoneSimulator.ActiveCfg = Debug|Any CPU
		{7521D9BD-2993-474C-8744-12F42459CBFB}.Debug|iPhoneSimulator.Build.0 = Debug|Any CPU
		{7521D9BD-2993-474C-8744-12F42459CBFB}.Debug|iPhoneSimulator.Deploy.0 = Debug|Any CPU
		{7521D9BD-2993-474C-8744-12F42459CBFB}.Release|Any CPU.ActiveCfg = Release|Any CPU
		{7521D9BD-2993-474C-8744-12F42459CBFB}.Release|Any CPU.Build.0 = Release|Any CPU
		{7521D9BD-2993-474C-8744-12F42459CBFB}.Release|Any CPU.Deploy.0 = Release|Any CPU
		{7521D9BD-2993-474C-8744-12F42459CBFB}.Release|iPhone.ActiveCfg = Release|Any CPU
		{7521D9BD-2993-474C-8744-12F42459CBFB}.Release|iPhone.Build.0 = Release|Any CPU
		{7521D9BD-2993-474C-8744-12F42459CBFB}.Release|iPhone.Deploy.0 = Release|Any CPU
		{7521D9BD-2993-474C-8744-12F42459CBFB}.Release|iPhoneSimulator.ActiveCfg = Release|Any CPU
		{7521D9BD-2993-474C-8744-12F42459CBFB}.Release|iPhoneSimulator.Build.0 = Release|Any CPU
		{7521D9BD-2993-474C-8744-12F42459CBFB}.Release|iPhoneSimulator.Deploy.0 = Release|Any CPU
		{6A39E788-38FE-496D-9BC7-5339CE13FFAA}.Ad-Hoc|Any CPU.ActiveCfg = Ad-Hoc|iPhone
		{6A39E788-38FE-496D-9BC7-5339CE13FFAA}.Ad-Hoc|Any CPU.Build.0 = Ad-Hoc|iPhone
		{6A39E788-38FE-496D-9BC7-5339CE13FFAA}.Ad-Hoc|Any CPU.Deploy.0 = Ad-Hoc|iPhone
		{6A39E788-38FE-496D-9BC7-5339CE13FFAA}.Ad-Hoc|iPhone.ActiveCfg = Ad-Hoc|iPhone
		{6A39E788-38FE-496D-9BC7-5339CE13FFAA}.Ad-Hoc|iPhone.Build.0 = Ad-Hoc|iPhone
		{6A39E788-38FE-496D-9BC7-5339CE13FFAA}.Ad-Hoc|iPhone.Deploy.0 = Ad-Hoc|iPhone
		{6A39E788-38FE-496D-9BC7-5339CE13FFAA}.Ad-Hoc|iPhoneSimulator.ActiveCfg = Ad-Hoc|iPhoneSimulator
		{6A39E788-38FE-496D-9BC7-5339CE13FFAA}.Ad-Hoc|iPhoneSimulator.Build.0 = Ad-Hoc|iPhoneSimulator
		{6A39E788-38FE-496D-9BC7-5339CE13FFAA}.Ad-Hoc|iPhoneSimulator.Deploy.0 = Ad-Hoc|iPhoneSimulator
		{6A39E788-38FE-496D-9BC7-5339CE13FFAA}.AppStore|Any CPU.ActiveCfg = AppStore|iPhone
		{6A39E788-38FE-496D-9BC7-5339CE13FFAA}.AppStore|Any CPU.Build.0 = AppStore|iPhone
		{6A39E788-38FE-496D-9BC7-5339CE13FFAA}.AppStore|Any CPU.Deploy.0 = AppStore|iPhone
		{6A39E788-38FE-496D-9BC7-5339CE13FFAA}.AppStore|iPhone.ActiveCfg = AppStore|iPhone
		{6A39E788-38FE-496D-9BC7-5339CE13FFAA}.AppStore|iPhone.Build.0 = AppStore|iPhone
		{6A39E788-38FE-496D-9BC7-5339CE13FFAA}.AppStore|iPhone.Deploy.0 = AppStore|iPhone
		{6A39E788-38FE-496D-9BC7-5339CE13FFAA}.AppStore|iPhoneSimulator.ActiveCfg = AppStore|iPhoneSimulator
		{6A39E788-38FE-496D-9BC7-5339CE13FFAA}.AppStore|iPhoneSimulator.Build.0 = AppStore|iPhoneSimulator
		{6A39E788-38FE-496D-9BC7-5339CE13FFAA}.AppStore|iPhoneSimulator.Deploy.0 = AppStore|iPhoneSimulator
		{6A39E788-38FE-496D-9BC7-5339CE13FFAA}.Debug|Any CPU.ActiveCfg = Debug|iPhoneSimulator
		{6A39E788-38FE-496D-9BC7-5339CE13FFAA}.Debug|Any CPU.Build.0 = Debug|iPhoneSimulator
		{6A39E788-38FE-496D-9BC7-5339CE13FFAA}.Debug|Any CPU.Deploy.0 = Debug|iPhoneSimulator
		{6A39E788-38FE-496D-9BC7-5339CE13FFAA}.Debug|iPhone.ActiveCfg = Debug|iPhone
		{6A39E788-38FE-496D-9BC7-5339CE13FFAA}.Debug|iPhone.Build.0 = Debug|iPhone
		{6A39E788-38FE-496D-9BC7-5339CE13FFAA}.Debug|iPhone.Deploy.0 = Debug|iPhone
		{6A39E788-38FE-496D-9BC7-5339CE13FFAA}.Debug|iPhoneSimulator.ActiveCfg = Debug|iPhoneSimulator
		{6A39E788-38FE-496D-9BC7-5339CE13FFAA}.Debug|iPhoneSimulator.Build.0 = Debug|iPhoneSimulator
		{6A39E788-38FE-496D-9BC7-5339CE13FFAA}.Debug|iPhoneSimulator.Deploy.0 = Debug|iPhoneSimulator
		{6A39E788-38FE-496D-9BC7-5339CE13FFAA}.Release|Any CPU.ActiveCfg = Release|iPhone
		{6A39E788-38FE-496D-9BC7-5339CE13FFAA}.Release|Any CPU.Build.0 = Release|iPhone
		{6A39E788-38FE-496D-9BC7-5339CE13FFAA}.Release|Any CPU.Deploy.0 = Release|iPhone
		{6A39E788-38FE-496D-9BC7-5339CE13FFAA}.Release|iPhone.ActiveCfg = Release|iPhone
		{6A39E788-38FE-496D-9BC7-5339CE13FFAA}.Release|iPhone.Build.0 = Release|iPhone
		{6A39E788-38FE-496D-9BC7-5339CE13FFAA}.Release|iPhone.Deploy.0 = Release|iPhone
		{6A39E788-38FE-496D-9BC7-5339CE13FFAA}.Release|iPhoneSimulator.ActiveCfg = Release|iPhoneSimulator
		{6A39E788-38FE-496D-9BC7-5339CE13FFAA}.Release|iPhoneSimulator.Build.0 = Release|iPhoneSimulator
		{6A39E788-38FE-496D-9BC7-5339CE13FFAA}.Release|iPhoneSimulator.Deploy.0 = Release|iPhoneSimulator
		{8CA516C2-0DC9-4CDE-BFA8-3EF8932FFFA9}.Ad-Hoc|Any CPU.ActiveCfg = Debug|Any CPU
		{8CA516C2-0DC9-4CDE-BFA8-3EF8932FFFA9}.Ad-Hoc|Any CPU.Build.0 = Debug|Any CPU
		{8CA516C2-0DC9-4CDE-BFA8-3EF8932FFFA9}.Ad-Hoc|Any CPU.Deploy.0 = Debug|Any CPU
		{8CA516C2-0DC9-4CDE-BFA8-3EF8932FFFA9}.Ad-Hoc|iPhone.ActiveCfg = Debug|Any CPU
		{8CA516C2-0DC9-4CDE-BFA8-3EF8932FFFA9}.Ad-Hoc|iPhone.Build.0 = Debug|Any CPU
		{8CA516C2-0DC9-4CDE-BFA8-3EF8932FFFA9}.Ad-Hoc|iPhone.Deploy.0 = Debug|Any CPU
		{8CA516C2-0DC9-4CDE-BFA8-3EF8932FFFA9}.Ad-Hoc|iPhoneSimulator.ActiveCfg = Debug|Any CPU
		{8CA516C2-0DC9-4CDE-BFA8-3EF8932FFFA9}.Ad-Hoc|iPhoneSimulator.Build.0 = Debug|Any CPU
		{8CA516C2-0DC9-4CDE-BFA8-3EF8932FFFA9}.Ad-Hoc|iPhoneSimulator.Deploy.0 = Debug|Any CPU
		{8CA516C2-0DC9-4CDE-BFA8-3EF8932FFFA9}.AppStore|Any CPU.ActiveCfg = Debug|Any CPU
		{8CA516C2-0DC9-4CDE-BFA8-3EF8932FFFA9}.AppStore|Any CPU.Build.0 = Debug|Any CPU
		{8CA516C2-0DC9-4CDE-BFA8-3EF8932FFFA9}.AppStore|Any CPU.Deploy.0 = Debug|Any CPU
		{8CA516C2-0DC9-4CDE-BFA8-3EF8932FFFA9}.AppStore|iPhone.ActiveCfg = Debug|Any CPU
		{8CA516C2-0DC9-4CDE-BFA8-3EF8932FFFA9}.AppStore|iPhone.Build.0 = Debug|Any CPU
		{8CA516C2-0DC9-4CDE-BFA8-3EF8932FFFA9}.AppStore|iPhone.Deploy.0 = Debug|Any CPU
		{8CA516C2-0DC9-4CDE-BFA8-3EF8932FFFA9}.AppStore|iPhoneSimulator.ActiveCfg = Debug|Any CPU
		{8CA516C2-0DC9-4CDE-BFA8-3EF8932FFFA9}.AppStore|iPhoneSimulator.Build.0 = Debug|Any CPU
		{8CA516C2-0DC9-4CDE-BFA8-3EF8932FFFA9}.AppStore|iPhoneSimulator.Deploy.0 = Debug|Any CPU
		{8CA516C2-0DC9-4CDE-BFA8-3EF8932FFFA9}.Debug|Any CPU.ActiveCfg = Debug|Any CPU
		{8CA516C2-0DC9-4CDE-BFA8-3EF8932FFFA9}.Debug|Any CPU.Build.0 = Debug|Any CPU
		{8CA516C2-0DC9-4CDE-BFA8-3EF8932FFFA9}.Debug|Any CPU.Deploy.0 = Debug|Any CPU
		{8CA516C2-0DC9-4CDE-BFA8-3EF8932FFFA9}.Debug|iPhone.ActiveCfg = Debug|Any CPU
		{8CA516C2-0DC9-4CDE-BFA8-3EF8932FFFA9}.Debug|iPhone.Build.0 = Debug|Any CPU
		{8CA516C2-0DC9-4CDE-BFA8-3EF8932FFFA9}.Debug|iPhone.Deploy.0 = Debug|Any CPU
		{8CA516C2-0DC9-4CDE-BFA8-3EF8932FFFA9}.Debug|iPhoneSimulator.ActiveCfg = Debug|Any CPU
		{8CA516C2-0DC9-4CDE-BFA8-3EF8932FFFA9}.Debug|iPhoneSimulator.Build.0 = Debug|Any CPU
		{8CA516C2-0DC9-4CDE-BFA8-3EF8932FFFA9}.Debug|iPhoneSimulator.Deploy.0 = Debug|Any CPU
		{8CA516C2-0DC9-4CDE-BFA8-3EF8932FFFA9}.Release|Any CPU.ActiveCfg = Release|Any CPU
		{8CA516C2-0DC9-4CDE-BFA8-3EF8932FFFA9}.Release|Any CPU.Build.0 = Release|Any CPU
		{8CA516C2-0DC9-4CDE-BFA8-3EF8932FFFA9}.Release|Any CPU.Deploy.0 = Release|Any CPU
		{8CA516C2-0DC9-4CDE-BFA8-3EF8932FFFA9}.Release|iPhone.ActiveCfg = Release|Any CPU
		{8CA516C2-0DC9-4CDE-BFA8-3EF8932FFFA9}.Release|iPhone.Build.0 = Release|Any CPU
		{8CA516C2-0DC9-4CDE-BFA8-3EF8932FFFA9}.Release|iPhone.Deploy.0 = Release|Any CPU
		{8CA516C2-0DC9-4CDE-BFA8-3EF8932FFFA9}.Release|iPhoneSimulator.ActiveCfg = Release|Any CPU
		{8CA516C2-0DC9-4CDE-BFA8-3EF8932FFFA9}.Release|iPhoneSimulator.Build.0 = Release|Any CPU
		{8CA516C2-0DC9-4CDE-BFA8-3EF8932FFFA9}.Release|iPhoneSimulator.Deploy.0 = Release|Any CPU
	EndGlobalSection
	GlobalSection(SolutionProperties) = preSolution
		HideSolutionNode = FALSE
	EndGlobalSection
	GlobalSection(ExtensibilityGlobals) = postSolution
		SolutionGuid = {E109115B-E147-4AFD-BA65-06DCD3392EFE}
	EndGlobalSection
EndGlobal
